{
  "version": 4,
  "terraform_version": "1.15.6",
  "serial": 55,
  "lineage": "a8f42aa3-4e40-3fa0-7af9-71580a1a4b6e",
  "outputs": {
    "mt_node_tenant_secrets": {
      "value": {
        "k8s_auth_backend": "kubernetes",
        "path_prefix": "etradie/tenants/mt-node",
        "provisioner_policy": "mt-node-provisioner-staging",
        "provisioner_role": "mt-node-provisioner",
        "tenant_policy": "mt-node-tenant-staging",
        "tenant_role": "mt-node-tenant"
      },
      "type": [
        "object",
        {
          "k8s_auth_backend": "string",
          "path_prefix": "string",
          "provisioner_policy": "string",
          "provisioner_role": "string",
          "tenant_policy": "string",
          "tenant_role": "string"
        }
      ]
    },
    "vault_paths": {
      "value": {
        "billing": "etradie/data/etradie/services/billing/staging",
        "data_layer_chromadb": "etradie/data/etradie/data-layer/chromadb/staging",
        "data_layer_postgres": "etradie/data/etradie/data-layer/postgres/staging",
        "data_layer_redis": "etradie/data/etradie/data-layer/redis/staging",
        "edge_ingress_aop_ca": "etradie/data/etradie/services/edge-ingress/staging/cloudflare/aop_ca",
        "edge_ingress_maxmind": "etradie/data/etradie/services/edge-ingress/staging/maxmind",
        "edge_ingress_tls": "etradie/data/etradie/services/edge-ingress/staging/tls",
        "edge_ingress_tunnel": "etradie/data/etradie/services/edge-ingress/staging/cloudflare/tunnel",
        "engine": "etradie/data/etradie/services/engine/staging",
        "execution": "etradie/data/etradie/services/execution/staging",
        "gateway": "etradie/data/etradie/services/gateway/staging",
        "management": "etradie/data/etradie/services/management/staging",
        "mt_node": "etradie/data/etradie/services/mt-node/staging"
      },
      "type": [
        "object",
        {
          "billing": "string",
          "data_layer_chromadb": "string",
          "data_layer_postgres": "string",
          "data_layer_redis": "string",
          "edge_ingress_aop_ca": "string",
          "edge_ingress_maxmind": "string",
          "edge_ingress_tls": "string",
          "edge_ingress_tunnel": "string",
          "engine": "string",
          "execution": "string",
          "gateway": "string",
          "management": "string",
          "mt_node": "string"
        }
      ]
    }
  },
  "resources": [
    {
      "mode": "managed",
      "type": "vault_auth_backend",
      "name": "kubernetes",
      "provider": "provider[\"registry.terraform.io/hashicorp/vault\"]",
      "instances": [
        {
          "schema_version": 1,
          "attributes": {
            "accessor": "auth_kubernetes_1f865701",
            "description": "Kubernetes auth backend for in-cluster pods (ESO + mt-node Agent Injector).",
            "disable_remount": false,
            "id": "kubernetes",
            "identity_token_key": null,
            "local": false,
            "namespace": null,
            "path": "kubernetes",
            "tune": [
              {
                "allowed_response_headers": [],
                "audit_non_hmac_request_keys": [],
                "audit_non_hmac_response_keys": [],
                "default_lease_ttl": "15m",
                "listing_visibility": "unauth",
                "max_lease_ttl": "1h",
                "passthrough_request_headers": [],
                "token_type": ""
              }
            ],
            "type": "kubernetes"
          },
          "sensitive_attributes": [],
          "identity_schema_version": 0,
          "private": "eyJzY2hlbWFfdmVyc2lvbiI6IjEifQ=="
        }
      ]
    },
    {
      "mode": "managed",
      "type": "vault_kubernetes_auth_backend_config",
      "name": "kubernetes",
      "provider": "provider[\"registry.terraform.io/hashicorp/vault\"]",
      "instances": [
        {
          "schema_version": 0,
          "attributes": {
            "backend": "kubernetes",
            "disable_iss_validation": false,
            "disable_local_ca_jwt": false,
            "id": "auth/kubernetes/config",
            "issuer": "https://kubernetes.default.svc.cluster.local",
            "kubernetes_ca_cert": "-----BEGIN CERTIFICATE-----\nMIIBeDCCAR2gAwIBAgIBADAKBggqhkjOPQQDAjAjMSEwHwYDVQQDDBhrM3Mtc2Vy\ndmVyLWNhQDE3ODEzOTM1MzQwHhcNMjYwNjEzMjMzMjE0WhcNMzYwNjEwMjMzMjE0\nWjAjMSEwHwYDVQQDDBhrM3Mtc2VydmVyLWNhQDE3ODEzOTM1MzQwWTATBgcqhkjO\nPQIBBggqhkjOPQMBBwNCAAQjasMizkvJInFveOCMVWi1H9YPVf9qTAxc4KZ0AuCs\nPaz3CriFideIVcUqzL9/tIfQRCXHEAMIW4OySp7GGEbTo0IwQDAOBgNVHQ8BAf8E\nBAMCAqQwDwYDVR0TAQH/BAUwAwEB/zAdBgNVHQ4EFgQUyygKdicEOVROTOm4O7t5\nJpQpyDwwCgYIKoZIzj0EAwIDSQAwRgIhAL5qg3hIznO+xfIDYRg37iKcTFEuR/6f\njDnHUO0/vY29AiEA6B/11YLvGsXHJzmVxK+PAbrc/pCsyvsQ+9IJTBhQm/8=\n-----END CERTIFICATE-----",
            "kubernetes_host": "https://kubernetes.default.svc.cluster.local",
            "namespace": null,
            "pem_keys": null,
            "token_reviewer_jwt": "eyJhbGciOiJSUzI1NiIsImtpZCI6IlZQSk85SWt6R3lhWUVySGNBVzRpRE5OdW9MeGxYSFBxQVY5Z0dKRXJkQWcifQ.eyJhdWQiOlsiaHR0cHM6Ly9rdWJlcm5ldGVzLmRlZmF1bHQuc3ZjLmNsdXN0ZXIubG9jYWwiLCJrM3MiXSwiZXhwIjoxNzgxNDQ0NzE1LCJpYXQiOjE3ODE0NDExMTUsImlzcyI6Imh0dHBzOi8va3ViZXJuZXRlcy5kZWZhdWx0LnN2Yy5jbHVzdGVyLmxvY2FsIiwianRpIjoiZGY4YTNhZTctMzRiMC00ZjNlLTliYTQtOWFhZjQ2YTdkOWYyIiwia3ViZXJuZXRlcy5pbyI6eyJuYW1lc3BhY2UiOiJ2YXVsdCIsInNlcnZpY2VhY2NvdW50Ijp7Im5hbWUiOiJ2YXVsdC1hdXRoIiwidWlkIjoiODQ2OTM1OTktNjQ3Mi00MjFiLWEzNTMtYWI4MzMyZDQ0MjIwIn19LCJuYmYiOjE3ODE0NDExMTUsInN1YiI6InN5c3RlbTpzZXJ2aWNlYWNjb3VudDp2YXVsdDp2YXVsdC1hdXRoIn0.I6Or9iK7vODu5Yq4A5-dem8aBb8NQxOlv7l3RmCTPTo8l2OJ6lhAM08CDQ6AeS7PN-8C4G2gFDE77LDiBWtwqbXVcI0sNrDsjFz6bqMUNFOGaZByrS8B3QpaIIVDZbIggJFVjyaOzh_bkPRNcjeOfoecguF3jpLqamt1SJjHaezTBqu2iy_OZG2PcK61qF6bYqGV19IKaYy1l0zHD09f1a2mKdoaxEs65FzngqyNu2dGrjARVc_N_ouQtSaR8DaFYGriJi6REHVmtkoab50aB4taVvmLPKY9i7EYB2L8egY03QnFW_N0xBPvHsUuBsURwAxNqymbf1M_v6khZHFqSg",
            "use_annotations_as_alias_metadata": false
          },
          "sensitive_attributes": [
            [
              {
                "type": "get_attr",
                "value": "kubernetes_ca_cert"
              }
            ],
            [
              {
                "type": "get_attr",
                "value": "token_reviewer_jwt"
              }
            ]
          ],
          "identity_schema_version": 0,
          "private": "bnVsbA==",
          "dependencies": [
            "vault_auth_backend.kubernetes"
          ]
        }
      ]
    },
    {
      "mode": "managed",
      "type": "vault_kubernetes_auth_backend_role",
      "name": "mt_node_provisioner",
      "provider": "provider[\"registry.terraform.io/hashicorp/vault\"]",
      "instances": [
        {
          "schema_version": 0,
          "attributes": {
            "alias_name_source": "serviceaccount_uid",
            "audience": "vault",
            "backend": "kubernetes",
            "bound_service_account_names": [
              "etradie-engine"
            ],
            "bound_service_account_namespaces": [
              "etradie-system"
            ],
            "id": "auth/kubernetes/role/mt-node-provisioner",
            "namespace": null,
            "role_name": "mt-node-provisioner",
            "token_bound_cidrs": null,
            "token_explicit_max_ttl": 0,
            "token_max_ttl": 3600,
            "token_no_default_policy": false,
            "token_num_uses": 0,
            "token_period": 900,
            "token_policies": [
              "mt-node-provisioner-staging"
            ],
            "token_ttl": 0,
            "token_type": "default"
          },
          "sensitive_attributes": [],
          "identity_schema_version": 0,
          "private": "bnVsbA==",
          "dependencies": [
            "vault_auth_backend.kubernetes",
            "vault_policy.mt_node_provisioner"
          ]
        }
      ]
    },
    {
      "mode": "managed",
      "type": "vault_kubernetes_auth_backend_role",
      "name": "mt_node_tenant",
      "provider": "provider[\"registry.terraform.io/hashicorp/vault\"]",
      "instances": [
        {
          "schema_version": 0,
          "attributes": {
            "alias_name_source": "serviceaccount_uid",
            "audience": "vault",
            "backend": "kubernetes",
            "bound_service_account_names": [
              "etradie-mt-*"
            ],
            "bound_service_account_namespaces": [
              "etradie-system"
            ],
            "id": "auth/kubernetes/role/mt-node-tenant",
            "namespace": null,
            "role_name": "mt-node-tenant",
            "token_bound_cidrs": null,
            "token_explicit_max_ttl": 0,
            "token_max_ttl": 3600,
            "token_no_default_policy": false,
            "token_num_uses": 0,
            "token_period": 900,
            "token_policies": [
              "mt-node-tenant-staging"
            ],
            "token_ttl": 0,
            "token_type": "default"
          },
          "sensitive_attributes": [],
          "identity_schema_version": 0,
          "private": "bnVsbA==",
          "dependencies": [
            "vault_auth_backend.kubernetes",
            "vault_policy.mt_node_tenant"
          ]
        }
      ]
    },
    {
      "mode": "managed",
      "type": "vault_kv_secret_v2",
      "name": "billing",
      "provider": "provider[\"registry.terraform.io/hashicorp/vault\"]",
      "instances": [
        {
          "schema_version": 0,
          "attributes": {
            "cas": null,
            "custom_metadata": [
              {
                "cas_required": false,
                "data": {},
                "delete_version_after": 0,
                "max_versions": 0
              }
            ],
            "data": {
              "bootstrap": "placeholder; populate with billing_database_url, internal_shared_secret, billing_redis_url, paddle_webhook_secret, paddle_api_key, paddle_price_pro_byok, paddle_price_pro_managed, lemonsqueezy_webhook_secret, lemonsqueezy_api_key, lemonsqueezy_store_id, lemonsqueezy_variant_pro_byok, lemonsqueezy_variant_pro_managed BEFORE the billing chart is reconciled"
            },
            "data_json": "{\"bootstrap\":\"placeholder; populate with billing_database_url, internal_shared_secret, billing_redis_url, paddle_webhook_secret, paddle_api_key, paddle_price_pro_byok, paddle_price_pro_managed, lemonsqueezy_webhook_secret, lemonsqueezy_api_key, lemonsqueezy_store_id, lemonsqueezy_variant_pro_byok, lemonsqueezy_variant_pro_managed BEFORE the billing chart is reconciled\"}",
            "delete_all_versions": false,
            "disable_read": false,
            "id": "etradie/data/etradie/services/billing/staging",
            "metadata": {
              "created_time": "2026-06-14T12:48:40.408832259Z",
              "custom_metadata": "null",
              "deletion_time": "",
              "destroyed": "false",
              "version": "1"
            },
            "mount": "etradie",
            "name": "etradie/services/billing/staging",
            "namespace": null,
            "options": null,
            "path": "etradie/data/etradie/services/billing/staging"
          },
          "sensitive_attributes": [
            [
              {
                "type": "get_attr",
                "value": "data"
              }
            ],
            [
              {
                "type": "get_attr",
                "value": "data_json"
              }
            ]
          ],
          "identity_schema_version": 0,
          "private": "bnVsbA=="
        }
      ]
    },
    {
      "mode": "managed",
      "type": "vault_kv_secret_v2",
      "name": "data_layer_chromadb",
      "provider": "provider[\"registry.terraform.io/hashicorp/vault\"]",
      "instances": [
        {
          "schema_version": 0,
          "attributes": {
            "cas": null,
            "custom_metadata": [
              {
                "cas_required": false,
                "data": {},
                "delete_version_after": 0,
                "max_versions": 0
              }
            ],
            "data": {
              "bootstrap": "placeholder; populate the single key 'auth_token' with the ChromaDB token. Both the ChromaDB server (CHROMA_SERVER_AUTHN_CREDENTIALS) and the engine (RAG_CHROMA_AUTH_TOKEN) read from this exact Vault path. Generate with: openssl rand -hex 32."
            },
            "data_json": "{\"bootstrap\":\"placeholder; populate the single key 'auth_token' with the ChromaDB token. Both the ChromaDB server (CHROMA_SERVER_AUTHN_CREDENTIALS) and the engine (RAG_CHROMA_AUTH_TOKEN) read from this exact Vault path. Generate with: openssl rand -hex 32.\"}",
            "delete_all_versions": false,
            "disable_read": false,
            "id": "etradie/data/etradie/data-layer/chromadb/staging",
            "metadata": {
              "created_time": "2026-06-14T12:48:40.162999335Z",
              "custom_metadata": "null",
              "deletion_time": "",
              "destroyed": "false",
              "version": "1"
            },
            "mount": "etradie",
            "name": "etradie/data-layer/chromadb/staging",
            "namespace": null,
            "options": null,
            "path": "etradie/data/etradie/data-layer/chromadb/staging"
          },
          "sensitive_attributes": [
            [
              {
                "type": "get_attr",
                "value": "data"
              }
            ],
            [
              {
                "type": "get_attr",
                "value": "data_json"
              }
            ]
          ],
          "identity_schema_version": 0,
          "private": "bnVsbA=="
        }
      ]
    },
    {
      "mode": "managed",
      "type": "vault_kv_secret_v2",
      "name": "data_layer_postgres",
      "provider": "provider[\"registry.terraform.io/hashicorp/vault\"]",
      "instances": [
        {
          "schema_version": 0,
          "attributes": {
            "cas": null,
            "custom_metadata": [
              {
                "cas_required": false,
                "data": {},
                "delete_version_after": 0,
                "max_versions": 0
              }
            ],
            "data": {
              "bootstrap": "placeholder; populate with postgres_user, postgres_db, postgres_password BEFORE the data-layer chart is reconciled (postgres pod blocks otherwise)"
            },
            "data_json": "{\"bootstrap\":\"placeholder; populate with postgres_user, postgres_db, postgres_password BEFORE the data-layer chart is reconciled (postgres pod blocks otherwise)\"}",
            "delete_all_versions": false,
            "disable_read": false,
            "id": "etradie/data/etradie/data-layer/postgres/staging",
            "metadata": {
              "created_time": "2026-06-14T12:48:40.162988688Z",
              "custom_metadata": "null",
              "deletion_time": "",
              "destroyed": "false",
              "version": "1"
            },
            "mount": "etradie",
            "name": "etradie/data-layer/postgres/staging",
            "namespace": null,
            "options": null,
            "path": "etradie/data/etradie/data-layer/postgres/staging"
          },
          "sensitive_attributes": [
            [
              {
                "type": "get_attr",
                "value": "data"
              }
            ],
            [
              {
                "type": "get_attr",
                "value": "data_json"
              }
            ]
          ],
          "identity_schema_version": 0,
          "private": "bnVsbA=="
        }
      ]
    },
    {
      "mode": "managed",
      "type": "vault_kv_secret_v2",
      "name": "data_layer_redis",
      "provider": "provider[\"registry.terraform.io/hashicorp/vault\"]",
      "instances": [
        {
          "schema_version": 0,
          "attributes": {
            "cas": null,
            "custom_metadata": [
              {
                "cas_required": false,
                "data": {},
                "delete_version_after": 0,
                "max_versions": 0
              }
            ],
            "data": {
              "bootstrap": "placeholder; populate with redis_password"
            },
            "data_json": "{\"bootstrap\":\"placeholder; populate with redis_password\"}",
            "delete_all_versions": false,
            "disable_read": false,
            "id": "etradie/data/etradie/data-layer/redis/staging",
            "metadata": {
              "created_time": "2026-06-14T12:48:40.174367377Z",
              "custom_metadata": "null",
              "deletion_time": "",
              "destroyed": "false",
              "version": "1"
            },
            "mount": "etradie",
            "name": "etradie/data-layer/redis/staging",
            "namespace": null,
            "options": null,
            "path": "etradie/data/etradie/data-layer/redis/staging"
          },
          "sensitive_attributes": [
            [
              {
                "type": "get_attr",
                "value": "data"
              }
            ],
            [
              {
                "type": "get_attr",
                "value": "data_json"
              }
            ]
          ],
          "identity_schema_version": 0,
          "private": "bnVsbA=="
        }
      ]
    },
    {
      "mode": "managed",
      "type": "vault_kv_secret_v2",
      "name": "edge_ingress_aop_ca",
      "provider": "provider[\"registry.terraform.io/hashicorp/vault\"]",
      "instances": [
        {
          "schema_version": 0,
          "attributes": {
            "cas": null,
            "custom_metadata": [
              {
                "cas_required": false,
                "data": {},
                "delete_version_after": 0,
                "max_versions": 0
              }
            ],
            "data": {
              "bootstrap": "placeholder; populate with the Cloudflare AOP CA PEM after the cloudflare module applies"
            },
            "data_json": "{\"bootstrap\":\"placeholder; populate with the Cloudflare AOP CA PEM after the cloudflare module applies\"}",
            "delete_all_versions": false,
            "disable_read": false,
            "id": "etradie/data/etradie/services/edge-ingress/staging/cloudflare/aop_ca",
            "metadata": {
              "created_time": "2026-06-14T12:48:40.162998102Z",
              "custom_metadata": "null",
              "deletion_time": "",
              "destroyed": "false",
              "version": "1"
            },
            "mount": "etradie",
            "name": "etradie/services/edge-ingress/staging/cloudflare/aop_ca",
            "namespace": null,
            "options": null,
            "path": "etradie/data/etradie/services/edge-ingress/staging/cloudflare/aop_ca"
          },
          "sensitive_attributes": [
            [
              {
                "type": "get_attr",
                "value": "data"
              }
            ],
            [
              {
                "type": "get_attr",
                "value": "data_json"
              }
            ]
          ],
          "identity_schema_version": 0,
          "private": "bnVsbA=="
        }
      ]
    },
    {
      "mode": "managed",
      "type": "vault_kv_secret_v2",
      "name": "edge_ingress_maxmind",
      "provider": "provider[\"registry.terraform.io/hashicorp/vault\"]",
      "instances": [
        {
          "schema_version": 0,
          "attributes": {
            "cas": null,
            "custom_metadata": [
              {
                "cas_required": false,
                "data": {},
                "delete_version_after": 0,
                "max_versions": 0
              }
            ],
            "data": {
              "bootstrap": "placeholder; populate keys license_key + account_id with a free GeoLite2 sign-up at https://www.maxmind.com/en/geolite2/signup. Both required."
            },
            "data_json": "{\"bootstrap\":\"placeholder; populate keys license_key + account_id with a free GeoLite2 sign-up at https://www.maxmind.com/en/geolite2/signup. Both required.\"}",
            "delete_all_versions": false,
            "disable_read": false,
            "id": "etradie/data/etradie/services/edge-ingress/staging/maxmind",
            "metadata": {
              "created_time": "2026-06-14T12:48:40.924023025Z",
              "custom_metadata": "null",
              "deletion_time": "",
              "destroyed": "false",
              "version": "1"
            },
            "mount": "etradie",
            "name": "etradie/services/edge-ingress/staging/maxmind",
            "namespace": null,
            "options": null,
            "path": "etradie/data/etradie/services/edge-ingress/staging/maxmind"
          },
          "sensitive_attributes": [
            [
              {
                "type": "get_attr",
                "value": "data"
              }
            ],
            [
              {
                "type": "get_attr",
                "value": "data_json"
              }
            ]
          ],
          "identity_schema_version": 0,
          "private": "bnVsbA=="
        }
      ]
    },
    {
      "mode": "managed",
      "type": "vault_kv_secret_v2",
      "name": "edge_ingress_tls",
      "provider": "provider[\"registry.terraform.io/hashicorp/vault\"]",
      "instances": [
        {
          "schema_version": 0,
          "attributes": {
            "cas": null,
            "custom_metadata": [
              {
                "cas_required": false,
                "data": {},
                "delete_version_after": 0,
                "max_versions": 0
              }
            ],
            "data": {
              "bootstrap": "placeholder; populate keys api_cert + api_key + wildcard_cert + wildcard_key (production) or staging_api_cert + staging_api_key + staging_wildcard_cert + staging_wildcard_key (staging). Values are PEM-encoded certificate / key strings."
            },
            "data_json": "{\"bootstrap\":\"placeholder; populate keys api_cert + api_key + wildcard_cert + wildcard_key (production) or staging_api_cert + staging_api_key + staging_wildcard_cert + staging_wildcard_key (staging). Values are PEM-encoded certificate / key strings.\"}",
            "delete_all_versions": false,
            "disable_read": false,
            "id": "etradie/data/etradie/services/edge-ingress/staging/tls",
            "metadata": {
              "created_time": "2026-06-14T12:48:40.931267168Z",
              "custom_metadata": "null",
              "deletion_time": "",
              "destroyed": "false",
              "version": "1"
            },
            "mount": "etradie",
            "name": "etradie/services/edge-ingress/staging/tls",
            "namespace": null,
            "options": null,
            "path": "etradie/data/etradie/services/edge-ingress/staging/tls"
          },
          "sensitive_attributes": [
            [
              {
                "type": "get_attr",
                "value": "data"
              }
            ],
            [
              {
                "type": "get_attr",
                "value": "data_json"
              }
            ]
          ],
          "identity_schema_version": 0,
          "private": "bnVsbA=="
        }
      ]
    },
    {
      "mode": "managed",
      "type": "vault_kv_secret_v2",
      "name": "edge_ingress_tunnel",
      "provider": "provider[\"registry.terraform.io/hashicorp/vault\"]",
      "instances": [
        {
          "schema_version": 0,
          "attributes": {
            "cas": null,
            "custom_metadata": [
              {
                "cas_required": false,
                "data": {},
                "delete_version_after": 0,
                "max_versions": 0
              }
            ],
            "data": {
              "bootstrap": "placeholder; populate with the Cloudflare Tunnel token (key: tunnel_token) after creating the Tunnel in Cloudflare Zero Trust"
            },
            "data_json": "{\"bootstrap\":\"placeholder; populate with the Cloudflare Tunnel token (key: tunnel_token) after creating the Tunnel in Cloudflare Zero Trust\"}",
            "delete_all_versions": false,
            "disable_read": false,
            "id": "etradie/data/etradie/services/edge-ingress/staging/cloudflare/tunnel",
            "metadata": {
              "created_time": "2026-06-14T12:48:39.982384815Z",
              "custom_metadata": "null",
              "deletion_time": "",
              "destroyed": "false",
              "version": "1"
            },
            "mount": "etradie",
            "name": "etradie/services/edge-ingress/staging/cloudflare/tunnel",
            "namespace": null,
            "options": null,
            "path": "etradie/data/etradie/services/edge-ingress/staging/cloudflare/tunnel"
          },
          "sensitive_attributes": [
            [
              {
                "type": "get_attr",
                "value": "data"
              }
            ],
            [
              {
                "type": "get_attr",
                "value": "data_json"
              }
            ]
          ],
          "identity_schema_version": 0,
          "private": "bnVsbA=="
        }
      ]
    },
    {
      "mode": "managed",
      "type": "vault_kv_secret_v2",
      "name": "engine",
      "provider": "provider[\"registry.terraform.io/hashicorp/vault\"]",
      "instances": [
        {
          "schema_version": 0,
          "attributes": {
            "cas": null,
            "custom_metadata": [
              {
                "cas_required": false,
                "data": {},
                "delete_version_after": 0,
                "max_versions": 0
              }
            ],
            "data": {
              "bootstrap": "placeholder; populate keys: database_url, postgres_user, postgres_password, redis_url, redis_password, broker_encryption_key, auth_jwt_secret, cftc_app_token, fred_api_key, twelvedata_api_key, processor_anthropic_api_key, processor_openai_api_key, processor_gemini_api_key, mt5_metaapi_token. broker_encryption_key is the ONLY credential KEK in the platform (the engine is the sole consumer; gateway/execution/management do NOT hold it) and is KEK version 1 for credential-at-rest envelope encryption. To ROTATE the credential KEK, add broker_encryption_key_v\u003cn\u003e (n\u003e=2, e.g. broker_encryption_key_v2 = openssl rand -hex 32) and declare it in helm/engine values externalSecrets.engine.rotationKeyVersions; the engine activates the highest version, the re-wrap routine migrates rows, then remove the old version to revoke it. Note: rag_chroma_auth_token is NOT in this path; populate etradie/data-layer/chromadb/staging:auth_token instead (single source of truth shared with the ChromaDB server)."
            },
            "data_json": "{\"bootstrap\":\"placeholder; populate keys: database_url, postgres_user, postgres_password, redis_url, redis_password, broker_encryption_key, auth_jwt_secret, cftc_app_token, fred_api_key, twelvedata_api_key, processor_anthropic_api_key, processor_openai_api_key, processor_gemini_api_key, mt5_metaapi_token. broker_encryption_key is the ONLY credential KEK in the platform (the engine is the sole consumer; gateway/execution/management do NOT hold it) and is KEK version 1 for credential-at-rest envelope encryption. To ROTATE the credential KEK, add broker_encryption_key_v\\u003cn\\u003e (n\\u003e=2, e.g. broker_encryption_key_v2 = openssl rand -hex 32) and declare it in helm/engine values externalSecrets.engine.rotationKeyVersions; the engine activates the highest version, the re-wrap routine migrates rows, then remove the old version to revoke it. Note: rag_chroma_auth_token is NOT in this path; populate etradie/data-layer/chromadb/staging:auth_token instead (single source of truth shared with the ChromaDB server).\"}",
            "delete_all_versions": false,
            "disable_read": false,
            "id": "etradie/data/etradie/services/engine/staging",
            "metadata": {
              "created_time": "2026-06-14T12:48:40.918760627Z",
              "custom_metadata": "null",
              "deletion_time": "",
              "destroyed": "false",
              "version": "1"
            },
            "mount": "etradie",
            "name": "etradie/services/engine/staging",
            "namespace": null,
            "options": null,
            "path": "etradie/data/etradie/services/engine/staging"
          },
          "sensitive_attributes": [
            [
              {
                "type": "get_attr",
                "value": "data"
              }
            ],
            [
              {
                "type": "get_attr",
                "value": "data_json"
              }
            ]
          ],
          "identity_schema_version": 0,
          "private": "bnVsbA=="
        }
      ]
    },
    {
      "mode": "managed",
      "type": "vault_kv_secret_v2",
      "name": "execution",
      "provider": "provider[\"registry.terraform.io/hashicorp/vault\"]",
      "instances": [
        {
          "schema_version": 0,
          "attributes": {
            "cas": null,
            "custom_metadata": [
              {
                "cas_required": false,
                "data": {},
                "delete_version_after": 0,
                "max_versions": 0
              }
            ],
            "data": {
              "bootstrap": "placeholder; populate keys: execution_database_url, execution_redis_url, auth_jwt_secret, engine_internal_shared_secret. auth_jwt_secret MUST equal etradie/services/gateway/staging:auth_jwt_secret. engine_internal_shared_secret MUST equal etradie/services/gateway/staging:engine_internal_shared_secret AND the engine's value -- execution sends it in X-Internal-Auth on every /internal/broker/* call and the pod fails fast at startup without it when BROKER_MODE=mt5 in production/staging. NOTE: no broker/credential encryption KEK here -- execution does not encrypt credentials; it reaches the broker via the engine /internal/broker/* bridge."
            },
            "data_json": "{\"bootstrap\":\"placeholder; populate keys: execution_database_url, execution_redis_url, auth_jwt_secret, engine_internal_shared_secret. auth_jwt_secret MUST equal etradie/services/gateway/staging:auth_jwt_secret. engine_internal_shared_secret MUST equal etradie/services/gateway/staging:engine_internal_shared_secret AND the engine's value -- execution sends it in X-Internal-Auth on every /internal/broker/* call and the pod fails fast at startup without it when BROKER_MODE=mt5 in production/staging. NOTE: no broker/credential encryption KEK here -- execution does not encrypt credentials; it reaches the broker via the engine /internal/broker/* bridge.\"}",
            "delete_all_versions": false,
            "disable_read": false,
            "id": "etradie/data/etradie/services/execution/staging",
            "metadata": {
              "created_time": "2026-06-14T12:48:39.811643297Z",
              "custom_metadata": "null",
              "deletion_time": "",
              "destroyed": "false",
              "version": "1"
            },
            "mount": "etradie",
            "name": "etradie/services/execution/staging",
            "namespace": null,
            "options": null,
            "path": "etradie/data/etradie/services/execution/staging"
          },
          "sensitive_attributes": [
            [
              {
                "type": "get_attr",
                "value": "data"
              }
            ],
            [
              {
                "type": "get_attr",
                "value": "data_json"
              }
            ]
          ],
          "identity_schema_version": 0,
          "private": "bnVsbA=="
        }
      ]
    },
    {
      "mode": "managed",
      "type": "vault_kv_secret_v2",
      "name": "gateway",
      "provider": "provider[\"registry.terraform.io/hashicorp/vault\"]",
      "instances": [
        {
          "schema_version": 0,
          "attributes": {
            "cas": null,
            "custom_metadata": [
              {
                "cas_required": false,
                "data": {},
                "delete_version_after": 0,
                "max_versions": 0
              }
            ],
            "data": {
              "bootstrap": "placeholder; populate keys: auth_database_url, postgres_user, postgres_password, postgres_host, postgres_port, postgres_db, postgres_sslmode (require/verify-full; consumed by the gateway POSTGRES_* fallback DSN when auth_database_url is unset), gateway_redis_url, auth_jwt_secret, auth_admin_password, engine_internal_shared_secret (must equal etradie/services/engine/staging:engine_internal_shared_secret if you also store it there), billing_internal_shared_secret (MUST EQUAL etradie/services/billing/staging:internal_shared_secret)."
            },
            "data_json": "{\"bootstrap\":\"placeholder; populate keys: auth_database_url, postgres_user, postgres_password, postgres_host, postgres_port, postgres_db, postgres_sslmode (require/verify-full; consumed by the gateway POSTGRES_* fallback DSN when auth_database_url is unset), gateway_redis_url, auth_jwt_secret, auth_admin_password, engine_internal_shared_secret (must equal etradie/services/engine/staging:engine_internal_shared_secret if you also store it there), billing_internal_shared_secret (MUST EQUAL etradie/services/billing/staging:internal_shared_secret).\"}",
            "delete_all_versions": false,
            "disable_read": false,
            "id": "etradie/data/etradie/services/gateway/staging",
            "metadata": {
              "created_time": "2026-06-14T12:48:40.173863755Z",
              "custom_metadata": "null",
              "deletion_time": "",
              "destroyed": "false",
              "version": "1"
            },
            "mount": "etradie",
            "name": "etradie/services/gateway/staging",
            "namespace": null,
            "options": null,
            "path": "etradie/data/etradie/services/gateway/staging"
          },
          "sensitive_attributes": [
            [
              {
                "type": "get_attr",
                "value": "data"
              }
            ],
            [
              {
                "type": "get_attr",
                "value": "data_json"
              }
            ]
          ],
          "identity_schema_version": 0,
          "private": "bnVsbA=="
        }
      ]
    },
    {
      "mode": "managed",
      "type": "vault_kv_secret_v2",
      "name": "linkerd_identity",
      "provider": "provider[\"registry.terraform.io/hashicorp/vault\"]",
      "instances": [
        {
          "schema_version": 0,
          "attributes": {
            "cas": null,
            "custom_metadata": [
              {
                "cas_required": false,
                "data": {},
                "delete_version_after": 0,
                "max_versions": 0
              }
            ],
            "data": {
              "bootstrap": "placeholder; populate keys trust_anchor_pem (PEM root CA, public), issuer_tls_crt (PEM intermediate issuer cert signed by the root), issuer_tls_key (PEM intermediate issuer key) BEFORE the linkerd-control-plane ArgoCD Application is synced. Generate with smallstep `step` CLI per the runbook in docs/runbooks/tier9-linkerd-mesh-rollout.md (section 0)."
            },
            "data_json": "{\"bootstrap\":\"placeholder; populate keys trust_anchor_pem (PEM root CA, public), issuer_tls_crt (PEM intermediate issuer cert signed by the root), issuer_tls_key (PEM intermediate issuer key) BEFORE the linkerd-control-plane ArgoCD Application is synced. Generate with smallstep `step` CLI per the runbook in docs/runbooks/tier9-linkerd-mesh-rollout.md (section 0).\"}",
            "delete_all_versions": false,
            "disable_read": false,
            "id": "etradie/data/etradie/platform/linkerd/staging",
            "metadata": {
              "created_time": "2026-06-14T12:48:39.207257113Z",
              "custom_metadata": "null",
              "deletion_time": "",
              "destroyed": "false",
              "version": "1"
            },
            "mount": "etradie",
            "name": "etradie/platform/linkerd/staging",
            "namespace": null,
            "options": null,
            "path": "etradie/data/etradie/platform/linkerd/staging"
          },
          "sensitive_attributes": [
            [
              {
                "type": "get_attr",
                "value": "data"
              }
            ],
            [
              {
                "type": "get_attr",
                "value": "data_json"
              }
            ]
          ],
          "identity_schema_version": 0,
          "private": "bnVsbA=="
        }
      ]
    },
    {
      "mode": "managed",
      "type": "vault_kv_secret_v2",
      "name": "management",
      "provider": "provider[\"registry.terraform.io/hashicorp/vault\"]",
      "instances": [
        {
          "schema_version": 0,
          "attributes": {
            "cas": null,
            "custom_metadata": [
              {
                "cas_required": false,
                "data": {},
                "delete_version_after": 0,
                "max_versions": 0
              }
            ],
            "data": {
              "bootstrap": "placeholder; populate keys: management_database_url, management_redis_url, auth_jwt_secret, engine_internal_shared_secret. auth_jwt_secret MUST equal etradie/services/gateway/staging:auth_jwt_secret. engine_internal_shared_secret MUST equal etradie/services/gateway/staging:engine_internal_shared_secret AND the engine's value -- management sends it in X-Internal-Auth on every /internal/broker/* call and the pod fails fast at startup without it when BROKER_MODE=mt5 in production/staging. NOTE: no broker/credential encryption KEK here -- management does not encrypt credentials; it reaches the broker via the engine /internal/broker/* bridge."
            },
            "data_json": "{\"bootstrap\":\"placeholder; populate keys: management_database_url, management_redis_url, auth_jwt_secret, engine_internal_shared_secret. auth_jwt_secret MUST equal etradie/services/gateway/staging:auth_jwt_secret. engine_internal_shared_secret MUST equal etradie/services/gateway/staging:engine_internal_shared_secret AND the engine's value -- management sends it in X-Internal-Auth on every /internal/broker/* call and the pod fails fast at startup without it when BROKER_MODE=mt5 in production/staging. NOTE: no broker/credential encryption KEK here -- management does not encrypt credentials; it reaches the broker via the engine /internal/broker/* bridge.\"}",
            "delete_all_versions": false,
            "disable_read": false,
            "id": "etradie/data/etradie/services/management/staging",
            "metadata": {
              "created_time": "2026-06-14T12:48:40.192227439Z",
              "custom_metadata": "null",
              "deletion_time": "",
              "destroyed": "false",
              "version": "1"
            },
            "mount": "etradie",
            "name": "etradie/services/management/staging",
            "namespace": null,
            "options": null,
            "path": "etradie/data/etradie/services/management/staging"
          },
          "sensitive_attributes": [
            [
              {
                "type": "get_attr",
                "value": "data"
              }
            ],
            [
              {
                "type": "get_attr",
                "value": "data_json"
              }
            ]
          ],
          "identity_schema_version": 0,
          "private": "bnVsbA=="
        }
      ]
    },
    {
      "mode": "managed",
      "type": "vault_kv_secret_v2",
      "name": "mt_node",
      "provider": "provider[\"registry.terraform.io/hashicorp/vault\"]",
      "instances": [
        {
          "schema_version": 0,
          "attributes": {
            "cas": null,
            "custom_metadata": [
              {
                "cas_required": false,
                "data": {},
                "delete_version_after": 0,
                "max_versions": 0
              }
            ],
            "data": {
              "bootstrap": "placeholder; populate default_zmq_auth_token (openssl rand -hex 32) before any user can pick connection_type=hosted. Per-tenant MT credentials are stored in etradie/tenants/mt-node/\u003csa_name\u003e via the Vault Agent Injector path - see mt_node_tenant_secrets.tf."
            },
            "data_json": "{\"bootstrap\":\"placeholder; populate default_zmq_auth_token (openssl rand -hex 32) before any user can pick connection_type=hosted. Per-tenant MT credentials are stored in etradie/tenants/mt-node/\\u003csa_name\\u003e via the Vault Agent Injector path - see mt_node_tenant_secrets.tf.\"}",
            "delete_all_versions": false,
            "disable_read": false,
            "id": "etradie/data/etradie/services/mt-node/staging",
            "metadata": {
              "created_time": "2026-06-14T12:48:39.991462631Z",
              "custom_metadata": "null",
              "deletion_time": "",
              "destroyed": "false",
              "version": "1"
            },
            "mount": "etradie",
            "name": "etradie/services/mt-node/staging",
            "namespace": null,
            "options": null,
            "path": "etradie/data/etradie/services/mt-node/staging"
          },
          "sensitive_attributes": [
            [
              {
                "type": "get_attr",
                "value": "data"
              }
            ],
            [
              {
                "type": "get_attr",
                "value": "data_json"
              }
            ]
          ],
          "identity_schema_version": 0,
          "private": "bnVsbA=="
        }
      ]
    },
    {
      "mode": "managed",
      "type": "vault_policy",
      "name": "mt_node_provisioner",
      "provider": "provider[\"registry.terraform.io/hashicorp/vault\"]",
      "instances": [
        {
          "schema_version": 0,
          "attributes": {
            "id": "mt-node-provisioner-staging",
            "name": "mt-node-provisioner-staging",
            "namespace": null,
            "policy": "# Engine writes per-tenant credentials. WRITE only - no read, no list.\npath \"etradie/data/tenants/mt-node/*\" {\n  capabilities = [\"create\", \"update\", \"delete\"]\n}\n\n# Engine performs hard-delete of all versions on connection-delete to\n# purge the credentials from Vault entirely. Requires 'delete' on the\n# metadata endpoint (Vault treats this differently from data delete).\npath \"etradie/metadata/tenants/mt-node/*\" {\n  capabilities = [\"delete\"]\n}\n"
          },
          "sensitive_attributes": [],
          "identity_schema_version": 0,
          "private": "bnVsbA=="
        }
      ]
    },
    {
      "mode": "managed",
      "type": "vault_policy",
      "name": "mt_node_tenant",
      "provider": "provider[\"registry.terraform.io/hashicorp/vault\"]",
      "instances": [
        {
          "schema_version": 0,
          "attributes": {
            "id": "mt-node-tenant-staging",
            "name": "mt-node-tenant-staging",
            "namespace": null,
            "policy": "path \"etradie/data/tenants/mt-node/{{identity.entity.aliases.auth_kubernetes_1f865701.metadata.service_account_name}}\" {\n  capabilities = [\"read\"]\n}\n"
          },
          "sensitive_attributes": [],
          "identity_schema_version": 0,
          "private": "bnVsbA==",
          "dependencies": [
            "vault_auth_backend.kubernetes"
          ]
        }
      ]
    }
  ],
  "check_results": [
    {
      "object_kind": "var",
      "config_addr": "var.environment",
      "status": "pass",
      "objects": [
        {
          "object_addr": "var.environment",
          "status": "pass"
        }
      ]
    }
  ]
}
