{
  "version": 4,
  "terraform_version": "1.15.6",
  "serial": 35,
  "lineage": "a8f42aa3-4e40-3fa0-7af9-71580a1a4b6e",
  "outputs": {
    "mt_node_tenant_secrets": {
      "value": {
        "k8s_auth_backend": "kubernetes",
        "path_prefix": "etradie/tenants/mt-node",
        "provisioner_policy": "mt-node-provisioner-staging",
        "provisioner_role": null,
        "tenant_policy": null,
        "tenant_role": null
      },
      "type": [
        "object",
        {
          "k8s_auth_backend": "string",
          "path_prefix": "string",
          "provisioner_policy": "string",
          "provisioner_role": "string",
          "tenant_policy": "string",
          "tenant_role": "string"
        }
      ]
    },
    "vault_paths": {
      "value": {
        "billing": null,
        "data_layer_chromadb": null,
        "data_layer_postgres": null,
        "data_layer_redis": null,
        "edge_ingress_aop_ca": null,
        "edge_ingress_maxmind": null,
        "edge_ingress_tls": null,
        "edge_ingress_tunnel": null,
        "engine": null,
        "execution": null,
        "gateway": null,
        "management": null,
        "mt_node": null
      },
      "type": [
        "object",
        {
          "billing": "string",
          "data_layer_chromadb": "string",
          "data_layer_postgres": "string",
          "data_layer_redis": "string",
          "edge_ingress_aop_ca": "string",
          "edge_ingress_maxmind": "string",
          "edge_ingress_tls": "string",
          "edge_ingress_tunnel": "string",
          "engine": "string",
          "execution": "string",
          "gateway": "string",
          "management": "string",
          "mt_node": "string"
        }
      ]
    }
  },
  "resources": [
    {
      "mode": "managed",
      "type": "vault_auth_backend",
      "name": "kubernetes",
      "provider": "provider[\"registry.terraform.io/hashicorp/vault\"]",
      "instances": [
        {
          "schema_version": 1,
          "attributes": {
            "accessor": "auth_kubernetes_1f865701",
            "description": "",
            "disable_remount": null,
            "id": "kubernetes",
            "identity_token_key": null,
            "local": false,
            "namespace": null,
            "path": "kubernetes",
            "tune": null,
            "type": "kubernetes"
          },
          "sensitive_attributes": [],
          "identity_schema_version": 0,
          "private": "eyJzY2hlbWFfdmVyc2lvbiI6IjEifQ=="
        }
      ]
    },
    {
      "mode": "managed",
      "type": "vault_policy",
      "name": "mt_node_provisioner",
      "provider": "provider[\"registry.terraform.io/hashicorp/vault\"]",
      "instances": [
        {
          "schema_version": 0,
          "attributes": {
            "id": "mt-node-provisioner-staging",
            "name": "mt-node-provisioner-staging",
            "namespace": null,
            "policy": "# Engine writes per-tenant credentials. WRITE only - no read, no list.\npath \"etradie/data/tenants/mt-node/*\" {\n  capabilities = [\"create\", \"update\", \"delete\"]\n}\n\n# Engine performs hard-delete of all versions on connection-delete to\n# purge the credentials from Vault entirely. Requires 'delete' on the\n# metadata endpoint (Vault treats this differently from data delete).\npath \"etradie/metadata/tenants/mt-node/*\" {\n  capabilities = [\"delete\"]\n}\n"
          },
          "sensitive_attributes": [],
          "identity_schema_version": 0,
          "private": "bnVsbA=="
        }
      ]
    }
  ],
  "check_results": null
}
